
Microsoft Visual Studio Solution File, Format Version 12.00
# Visual Studio 15
VisualStudioVersion = 15.0.27004.2005
MinimumVisualStudioVersion = 10.0.40219.1
Project("{FAE04EC0-301F-11D3-BF4B-00C04F79EFBC}") = "IntroCsharpSimpleCalculator", "IntroCsharpSimpleCalculator\IntroCsharpSimpleCalculator.csproj", "{134F635C-D0C0-4DD9-8790-A430EEB9A46B}"
EndProject
Global
	GlobalSection(SolutionConfigurationPlatforms) = preSolution
		Debug|Any CPU = Debug|Any CPU
		Release|Any CPU = Release|Any CPU
	EndGlobalSection
	GlobalSection(ProjectConfigurationPlatforms) = postSolution
		{134F635C-D0C0-4DD9-8790-A430EEB9A46B}.Debug|Any CPU.ActiveCfg = Debug|Any CPU
		{134F635C-D0C0-4DD9-8790-A430EEB9A46B}.Debug|Any CPU.Build.0 = Debug|Any CPU
		{134F635C-D0C0-4DD9-8790-A430EEB9A46B}.Release|Any CPU.ActiveCfg = Release|Any CPU
		{134F635C-D0C0-4DD9-8790-A430EEB9A46B}.Release|Any CPU.Build.0 = Release|Any CPU
	EndGlobalSection
	GlobalSection(SolutionProperties) = preSolution
		HideSolutionNode = FALSE
	EndGlobalSection
	GlobalSection(ExtensibilityGlobals) = postSolution
		SolutionGuid = {7A2169BC-31AD-48D6-9421-88594A66B2AE}
	EndGlobalSection
EndGlobal
